// !$*UTF8*$!
{
	archiveVersion = 1;
	classes = {
	};
	objectVersion = 50;
	objects = {

/* Begin PBXBuildFile section */
		A109C171241E134A00CE231B /* AppDelegate.swift in Sources */ = {isa = PBXBuildFile; fileRef = A109C170241E134A00CE231B /* AppDelegate.swift */; };
		A109C173241E134A00CE231B /* SceneDelegate.swift in Sources */ = {isa = PBXBuildFile; fileRef = A109C172241E134A00CE231B /* SceneDelegate.swift */; };
		A109C175241E134A00CE231B /* FirstViewController.swift in Sources */ = {isa = PBXBuildFile; fileRef = A109C174241E134A00CE231B /* FirstViewController.swift */; };
		A109C177241E134A00CE231B /* SecondViewController.swift in Sources */ = {isa = PBXBuildFile; fileRef = A109C176241E134A00CE231B /* SecondViewController.swift */; };
		A109C17A241E134A00CE231B /* Main.storyboard in Resources */ = {isa = PBXBuildFile; fileRef = A109C178241E134A00CE231B /* Main.storyboard */; };
		A109C17C241E134A00CE231B /* Assets.xcassets in Resources */ = {isa = PBXBuildFile; fileRef = A109C17B241E134A00CE231B /* Assets.xcassets */; };
		A109C17F241E134A00CE231B /* LaunchScreen.storyboard in Resources */ = {isa = PBXBuildFile; fileRef = A109C17D241E134A00CE231B /* LaunchScreen.storyboard */; };
/* End PBXBuildFile section */

/* Begin PBXFileReference section */
		A109C16D241E134A00CE231B /* Coronope.app */ = {isa = PBXFileReference; explicitFileType = wrapper.application; includeInIndex = 0; path = Coronope.app; sourceTree = BUILT_PRODUCTS_DIR; };
		A109C170241E134A00CE231B /* AppDelegate.swift */ = {isa = PBXFileReference; lastKnownFileType = sourcecode.swift; path = AppDelegate.swift; sourceTree = "<group>"; };
		A109C172241E134A00CE231B /* SceneDelegate.swift */ = {isa = PBXFileReference; lastKnownFileType = sourcecode.swift; path = SceneDelegate.swift; sourceTree = "<group>"; };
		A109C174241E134A00CE231B /* FirstViewController.swift */ = {isa = PBXFileReference; lastKnownFileType = sourcecode.swift; path = FirstViewController.swift; sourceTree = "<group>"; };
		A109C176241E134A00CE231B /* SecondViewController.swift */ = {isa = PBXFileReference; lastKnownFileType = sourcecode.swift; path = SecondViewController.swift; sourceTree = "<group>"; };
		A109C179241E134A00CE231B /* Base */ = {isa = PBXFileReference; lastKnownFileType = file.storyboard; name = Base; path = Base.lproj/Main.storyboard; sourceTree = "<group>"; };
		A109C17B241E134A00CE231B /* Assets.xcassets */ = {isa = PBXFileReference; lastKnownFileType = folder.assetcatalog; path = Assets.xcassets; sourceTree = "<group>"; };
		A109C17E241E134A00CE231B /* Base */ = {isa = PBXFileReference; lastKnownFileType = file.storyboard; name = Base; path = Base.lproj/LaunchScreen.storyboard; sourceTree = "<group>"; };
		A109C180241E134A00CE231B /* Info.plist */ = {isa = PBXFileReference; lastKnownFileType = text.plist.xml; path = Info.plist; sourceTree = "<group>"; };
/* End PBXFileReference section */

/* Begin PBXFrameworksBuildPhase section */
		A109C16A241E134A00CE231B /* Frameworks */ = {
			isa = PBXFrameworksBuildPhase;
			buildActionMask = 2147483647;
			files = (
			);
			runOnlyForDeploymentPostprocessing = 0;
		};
/* End PBXFrameworksBuildPhase section */

/* Begin PBXGroup section */
		A109C164241E134A00CE231B = {
			isa = PBXGroup;
			children = (
				A109C16F241E134A00CE231B /* Coronope */,
				A109C16E241E134A00CE231B /* Products */,
			);
			sourceTree = "<group>";
		};
		A109C16E241E134A00CE231B /* Products */ = {
			isa = PBXGroup;
			children = (
				A109C16D241E134A00CE231B /* Coronope.app */,
			);
			name = Products;
			sourceTree = "<group>";
		};
		A109C16F241E134A00CE231B /* Coronope */ = {
			isa = PBXGroup;
			children = (
				A109C170241E134A00CE231B /* AppDelegate.swift */,
				A109C172241E134A00CE231B /* SceneDelegate.swift */,
				A109C174241E134A00CE231B /* FirstViewController.swift */,
				A109C176241E134A00CE231B /* SecondViewController.swift */,
				A109C178241E134A00CE231B /* Main.storyboard */,
				A109C17B241E134A00CE231B /* Assets.xcassets */,
				A109C17D241E134A00CE231B /* LaunchScreen.storyboard */,
				A109C180241E134A00CE231B /* Info.plist */,
			);
			path = Coronope;
			sourceTree = "<group>";
		};
/* End PBXGroup section */

/* Begin PBXNativeTarget section */
		A109C16C241E134A00CE231B /* Coronope */ = {
			isa = PBXNativeTarget;
			buildConfigurationList = A109C183241E134A00CE231B /* Build configuration list for PBXNativeTarget "Coronope" */;
			buildPhases = (
				A109C169241E134A00CE231B /* Sources */,
				A109C16A241E134A00CE231B /* Frameworks */,
				A109C16B241E134A00CE231B /* Resources */,
			);
			buildRules = (
			);
			dependencies = (
			);
			name = Coronope;
			productName = Coronope;
			productReference = A109C16D241E134A00CE231B /* Coronope.app */;
			productType = "com.apple.product-type.application";
		};
/* End PBXNativeTarget section */

/* Begin PBXProject section */
		A109C165241E134A00CE231B /* Project object */ = {
			isa = PBXProject;
			attributes = {
				LastSwiftUpdateCheck = 1130;
				LastUpgradeCheck = 1130;
				ORGANIZATIONNAME = com.aryasurya;
				TargetAttributes = {
					A109C16C241E134A00CE231B = {
						CreatedOnToolsVersion = 11.3;
					};
				};
			};
			buildConfigurationList = A109C168241E134A00CE231B /* Build configuration list for PBXProject "Coronope" */;
			compatibilityVersion = "Xcode 9.3";
			developmentRegion = en;
			hasScannedForEncodings = 0;
			knownRegions = (
				en,
				Base,
			);
			mainGroup = A109C164241E134A00CE231B;
			productRefGroup = A109C16E241E134A00CE231B /* Products */;
			projectDirPath = "";
			projectRoot = "";
			targets = (
				A109C16C241E134A00CE231B /* Coronope */,
			);
		};
/* End PBXProject section */

/* Begin PBXResourcesBuildPhase section */
		A109C16B241E134A00CE231B /* Resources */ = {
			isa = PBXResourcesBuildPhase;
			buildActionMask = 2147483647;
			files = (
				A109C17F241E134A00CE231B /* LaunchScreen.storyboard in Resources */,
				A109C17C241E134A00CE231B /* Assets.xcassets in Resources */,
				A109C17A241E134A00CE231B /* Main.storyboard in Resources */,
			);
			runOnlyForDeploymentPostprocessing = 0;
		};
/* End PBXResourcesBuildPhase section */

/* Begin PBXSourcesBuildPhase section */
		A109C169241E134A00CE231B /* Sources */ = {
			isa = PBXSourcesBuildPhase;
			buildActionMask = 2147483647;
			files = (
				A109C177241E134A00CE231B /* SecondViewController.swift in Sources */,
				A109C175241E134A00CE231B /* FirstViewController.swift in Sources */,
				A109C171241E134A00CE231B /* AppDelegate.swift in Sources */,
				A109C173241E134A00CE231B /* SceneDelegate.swift in Sources */,
			);
			runOnlyForDeploymentPostprocessing = 0;
		};
/* End PBXSourcesBuildPhase section */

/* Begin PBXVariantGroup section */
		A109C178241E134A00CE231B /* Main.storyboard */ = {
			isa = PBXVariantGroup;
			children = (
				A109C179241E134A00CE231B /* Base */,
			);
			name = Main.storyboard;
			sourceTree = "<group>";
		};
		A109C17D241E134A00CE231B /* LaunchScreen.storyboard */ = {
			isa = PBXVariantGroup;
			children = (
				A109C17E241E134A00CE231B /* Base */,
			);
			name = LaunchScreen.storyboard;
			sourceTree = "<group>";
		};
/* End PBXVariantGroup section */

/* Begin XCBuildConfiguration section */
		A109C181241E134A00CE231B /* Debug */ = {
			isa = XCBuildConfiguration;
			buildSettings = {
				ALWAYS_SEARCH_USER_PATHS = NO;
				CLANG_ANALYZER_NONNULL = YES;
				CLANG_ANALYZER_NUMBER_OBJECT_CONVERSION = YES_AGGRESSIVE;
				CLANG_CXX_LANGUAGE_STANDARD = "gnu++14";
				CLANG_CXX_LIBRARY = "libc++";
				CLANG_ENABLE_MODULES = YES;
				CLANG_ENABLE_OBJC_ARC = YES;
				CLANG_ENABLE_OBJC_WEAK = YES;
				CLANG_WARN_BLOCK_CAPTURE_AUTORELEASING = YES;
				CLANG_WARN_BOOL_CONVERSION = YES;
				CLANG_WARN_COMMA = YES;
				CLANG_WARN_CONSTANT_CONVERSION = YES;
				CLANG_WARN_DEPRECATED_OBJC_IMPLEMENTATIONS = YES;
				CLANG_WARN_DIRECT_OBJC_ISA_USAGE = YES_ERROR;
				CLANG_WARN_DOCUMENTATION_COMMENTS = YES;
				CLANG_WARN_EMPTY_BODY = YES;
				CLANG_WARN_ENUM_CONVERSION = YES;
				CLANG_WARN_INFINITE_RECURSION = YES;
				CLANG_WARN_INT_CONVERSION = YES;
				CLANG_WARN_NON_LITERAL_NULL_CONVERSION = YES;
				CLANG_WARN_OBJC_IMPLICIT_RETAIN_SELF = YES;
				CLANG_WARN_OBJC_LITERAL_CONVERSION = YES;
				CLANG_WARN_OBJC_ROOT_CLASS = YES_ERROR;
				CLANG_WARN_RANGE_LOOP_ANALYSIS = YES;
				CLANG_WARN_STRICT_PROTOTYPES = YES;
				CLANG_WARN_SUSPICIOUS_MOVE = YES;
				CLANG_WARN_UNGUARDED_AVAILABILITY = YES_AGGRESSIVE;
				CLANG_WARN_UNREACHABLE_CODE = YES;
				CLANG_WARN__DUPLICATE_METHOD_MATCH = YES;
				COPY_PHASE_STRIP = NO;
				DEBUG_INFORMATION_FORMAT = dwarf;
				ENABLE_STRICT_OBJC_MSGSEND = YES;
				ENABLE_TESTABILITY = YES;
				GCC_C_LANGUAGE_STANDARD = gnu11;
				GCC_DYNAMIC_NO_PIC = NO;
				GCC_NO_COMMON_BLOCKS = YES;
				GCC_OPTIMIZATION_LEVEL = 0;
				GCC_PREPROCESSOR_DEFINITIONS = (
					"DEBUG=1",
					"$(inherited)",
				);
				GCC_WARN_64_TO_32_BIT_CONVERSION = YES;
				GCC_WARN_ABOUT_RETURN_TYPE = YES_ERROR;
				GCC_WARN_UNDECLARED_SELECTOR = YES;
				GCC_WARN_UNINITIALIZED_AUTOS = YES_AGGRESSIVE;
				GCC_WARN_UNUSED_FUNCTION = YES;
				GCC_WARN_UNUSED_VARIABLE = YES;
				IPHONEOS_DEPLOYMENT_TARGET = 13.2;
				MTL_ENABLE_DEBUG_INFO = INCLUDE_SOURCE;
				MTL_FAST_MATH = YES;
				ONLY_ACTIVE_ARCH = YES;
				SDKROOT = iphoneos;
				SWIFT_ACTIVE_COMPILATION_CONDITIONS = DEBUG;
				SWIFT_OPTIMIZATION_LEVEL = "-Onone";
			};
			name = Debug;
		};
		A109C182241E134A00CE231B /* Release */ = {
			isa = XCBuildConfiguration;
			buildSettings = {
				ALWAYS_SEARCH_USER_PATHS = NO;
				CLANG_ANALYZER_NONNULL = YES;
				CLANG_ANALYZER_NUMBER_OBJECT_CONVERSION = YES_AGGRESSIVE;
				CLANG_CXX_LANGUAGE_STANDARD = "gnu++14";
				CLANG_CXX_LIBRARY = "libc++";
				CLANG_ENABLE_MODULES = YES;
				CLANG_ENABLE_OBJC_ARC = YES;
				CLANG_ENABLE_OBJC_WEAK = YES;
				CLANG_WARN_BLOCK_CAPTURE_AUTORELEASING = YES;
				CLANG_WARN_BOOL_CONVERSION = YES;
				CLANG_WARN_COMMA = YES;
				CLANG_WARN_CONSTANT_CONVERSION = YES;
				CLANG_WARN_DEPRECATED_OBJC_IMPLEMENTATIONS = YES;
				CLANG_WARN_DIRECT_OBJC_ISA_USAGE = YES_ERROR;
				CLANG_WARN_DOCUMENTATION_COMMENTS = YES;
				CLANG_WARN_EMPTY_BODY = YES;
				CLANG_WARN_ENUM_CONVERSION = YES;
				CLANG_WARN_INFINITE_RECURSION = YES;
				CLANG_WARN_INT_CONVERSION = YES;
				CLANG_WARN_NON_LITERAL_NULL_CONVERSION = YES;
				CLANG_WARN_OBJC_IMPLICIT_RETAIN_SELF = YES;
				CLANG_WARN_OBJC_LITERAL_CONVERSION = YES;
				CLANG_WARN_OBJC_ROOT_CLASS = YES_ERROR;
				CLANG_WARN_RANGE_LOOP_ANALYSIS = YES;
				CLANG_WARN_STRICT_PROTOTYPES = YES;
				CLANG_WARN_SUSPICIOUS_MOVE = YES;
				CLANG_WARN_UNGUARDED_AVAILABILITY = YES_AGGRESSIVE;
				CLANG_WARN_UNREACHABLE_CODE = YES;
				CLANG_WARN__DUPLICATE_METHOD_MATCH = YES;
				COPY_PHASE_STRIP = NO;
				DEBUG_INFORMATION_FORMAT = "dwarf-with-dsym";
				ENABLE_NS_ASSERTIONS = NO;
				ENABLE_STRICT_OBJC_MSGSEND = YES;
				GCC_C_LANGUAGE_STANDARD = gnu11;
				GCC_NO_COMMON_BLOCKS = YES;
				GCC_WARN_64_TO_32_BIT_CONVERSION = YES;
				GCC_WARN_ABOUT_RETURN_TYPE = YES_ERROR;
				GCC_WARN_UNDECLARED_SELECTOR = YES;
				GCC_WARN_UNINITIALIZED_AUTOS = YES_AGGRESSIVE;
				GCC_WARN_UNUSED_FUNCTION = YES;
				GCC_WARN_UNUSED_VARIABLE = YES;
				IPHONEOS_DEPLOYMENT_TARGET = 13.2;
				MTL_ENABLE_DEBUG_INFO = NO;
				MTL_FAST_MATH = YES;
				SDKROOT = iphoneos;
				SWIFT_COMPILATION_MODE = wholemodule;
				SWIFT_OPTIMIZATION_LEVEL = "-O";
				VALIDATE_PRODUCT = YES;
			};
			name = Release;
		};
		A109C184241E134A00CE231B /* Debug */ = {
			isa = XCBuildConfiguration;
			buildSettings = {
				ASSETCATALOG_COMPILER_APPICON_NAME = AppIcon;
				CODE_SIGN_STYLE = Automatic;
				INFOPLIST_FILE = Coronope/Info.plist;
				LD_RUNPATH_SEARCH_PATHS = (
					"$(inherited)",
					"@executable_path/Frameworks",
				);
				PRODUCT_BUNDLE_IDENTIFIER = com.aryasurya.Coronope;
				PRODUCT_NAME = "$(TARGET_NAME)";
				SWIFT_VERSION = 5.0;
				TARGETED_DEVICE_FAMILY = "1,2";
			};
			name = Debug;
		};
		A109C185241E134A00CE231B /* Release */ = {
			isa = XCBuildConfiguration;
			buildSettings = {
				ASSETCATALOG_COMPILER_APPICON_NAME = AppIcon;
				CODE_SIGN_STYLE = Automatic;
				INFOPLIST_FILE = Coronope/Info.plist;
				LD_RUNPATH_SEARCH_PATHS = (
					"$(inherited)",
					"@executable_path/Frameworks",
				);
				PRODUCT_BUNDLE_IDENTIFIER = com.aryasurya.Coronope;
				PRODUCT_NAME = "$(TARGET_NAME)";
				SWIFT_VERSION = 5.0;
				TARGETED_DEVICE_FAMILY = "1,2";
			};
			name = Release;
		};
/* End XCBuildConfiguration section */

/* Begin XCConfigurationList section */
		A109C168241E134A00CE231B /* Build configuration list for PBXProject "Coronope" */ = {
			isa = XCConfigurationList;
			buildConfigurations = (
				A109C181241E134A00CE231B /* Debug */,
				A109C182241E134A00CE231B /* Release */,
			);
			defaultConfigurationIsVisible = 0;
			defaultConfigurationName = Release;
		};
		A109C183241E134A00CE231B /* Build configuration list for PBXNativeTarget "Coronope" */ = {
			isa = XCConfigurationList;
			buildConfigurations = (
				A109C184241E134A00CE231B /* Debug */,
				A109C185241E134A00CE231B /* Release */,
			);
			defaultConfigurationIsVisible = 0;
			defaultConfigurationName = Release;
		};
/* End XCConfigurationList section */
	};
	rootObject = A109C165241E134A00CE231B /* Project object */;
}
