// !$*UTF8*$!
{
	archiveVersion = 1;
	classes = {
	};
	objectVersion = 51;
	objects = {

/* Begin PBXBuildFile section */
		A109C171241E134A00CE231B /* AppDelegate.swift in Sources */ = {isa = PBXBuildFile; fileRef = A109C170241E134A00CE231B /* AppDelegate.swift */; };
		A109C173241E134A00CE231B /* SceneDelegate.swift in Sources */ = {isa = PBXBuildFile; fileRef = A109C172241E134A00CE231B /* SceneDelegate.swift */; };
		A109C17C241E134A00CE231B /* Assets.xcassets in Resources */ = {isa = PBXBuildFile; fileRef = A109C17B241E134A00CE231B /* Assets.xcassets */; };
		A109C17F241E134A00CE231B /* LaunchScreen.storyboard in Resources */ = {isa = PBXBuildFile; fileRef = A109C17D241E134A00CE231B /* LaunchScreen.storyboard */; };
		A109C18C241E13EA00CE231B /* StatsResponseWrapper.swift in Sources */ = {isa = PBXBuildFile; fileRef = A109C18B241E13EA00CE231B /* StatsResponseWrapper.swift */; };
		A109C1C6241E70D300CE231B /* globalImage.png in Resources */ = {isa = PBXBuildFile; fileRef = A109C1C5241E70D300CE231B /* globalImage.png */; };
		A11336D825987F4C00596BAD /* CoronopeError.swift in Sources */ = {isa = PBXBuildFile; fileRef = A11336D725987F4C00596BAD /* CoronopeError.swift */; };
		A11412C3241F39C70034E6F8 /* indoimage.png in Resources */ = {isa = PBXBuildFile; fileRef = A11412C2241F39C70034E6F8 /* indoimage.png */; };
		A11412CB241F4FEB0034E6F8 /* NewsResponseWrapper.swift in Sources */ = {isa = PBXBuildFile; fileRef = A11412CA241F4FEB0034E6F8 /* NewsResponseWrapper.swift */; };
		A11412D4241F55FB0034E6F8 /* APIInstance.swift in Sources */ = {isa = PBXBuildFile; fileRef = A11412D3241F55FB0034E6F8 /* APIInstance.swift */; };
		A11412DE241FA3AC0034E6F8 /* UIImageView+Ext.swift in Sources */ = {isa = PBXBuildFile; fileRef = A11412DD241FA3AC0034E6F8 /* UIImageView+Ext.swift */; };
		A11412E2241FD3AB0034E6F8 /* demo.gif in Resources */ = {isa = PBXBuildFile; fileRef = A11412E1241FD3AB0034E6F8 /* demo.gif */; };
		A124E8112598927A0070FBA5 /* NewsEntity.swift in Sources */ = {isa = PBXBuildFile; fileRef = A124E8102598927A0070FBA5 /* NewsEntity.swift */; };
		A124E81A2598936B0070FBA5 /* LocaleInstance.swift in Sources */ = {isa = PBXBuildFile; fileRef = A124E8192598936B0070FBA5 /* LocaleInstance.swift */; };
		A124E81E259896BD0070FBA5 /* RealmResults+Ext.swift in Sources */ = {isa = PBXBuildFile; fileRef = A124E81D259896BD0070FBA5 /* RealmResults+Ext.swift */; };
		A124E8212598987A0070FBA5 /* CoronopeRepository.swift in Sources */ = {isa = PBXBuildFile; fileRef = A124E8202598987A0070FBA5 /* CoronopeRepository.swift */; };
		A12E345E25989AD900BF462D /* NewsModel.swift in Sources */ = {isa = PBXBuildFile; fileRef = A12E345D25989AD900BF462D /* NewsModel.swift */; };
		A12E346125989AE100BF462D /* StatsModel.swift in Sources */ = {isa = PBXBuildFile; fileRef = A12E346025989AE100BF462D /* StatsModel.swift */; };
		A12E34642598A0FC00BF462D /* ObjectMapper.swift in Sources */ = {isa = PBXBuildFile; fileRef = A12E34632598A0FC00BF462D /* ObjectMapper.swift */; };
		A1CBEB692598BBCC00A747B9 /* StatsViewController.swift in Sources */ = {isa = PBXBuildFile; fileRef = A1CBEB672598BBCC00A747B9 /* StatsViewController.swift */; };
		A1CBEB6A2598BBCC00A747B9 /* StatsViewController.xib in Resources */ = {isa = PBXBuildFile; fileRef = A1CBEB682598BBCC00A747B9 /* StatsViewController.xib */; };
		A1CBEB6E2598BBD800A747B9 /* NewsViewController.swift in Sources */ = {isa = PBXBuildFile; fileRef = A1CBEB6C2598BBD800A747B9 /* NewsViewController.swift */; };
		A1CBEB6F2598BBD800A747B9 /* NewsViewController.xib in Resources */ = {isa = PBXBuildFile; fileRef = A1CBEB6D2598BBD800A747B9 /* NewsViewController.xib */; };
		E4140AA8797AD5F71DF67926 /* Pods_Coronope.framework in Frameworks */ = {isa = PBXBuildFile; fileRef = D1533C98C628096C00132097 /* Pods_Coronope.framework */; };
/* End PBXBuildFile section */

/* Begin PBXFileReference section */
		4B525AE26EC3571FA2B62761 /* Pods-Coronope.debug.xcconfig */ = {isa = PBXFileReference; includeInIndex = 1; lastKnownFileType = text.xcconfig; name = "Pods-Coronope.debug.xcconfig"; path = "Target Support Files/Pods-Coronope/Pods-Coronope.debug.xcconfig"; sourceTree = "<group>"; };
		A109C16D241E134A00CE231B /* Coronope.app */ = {isa = PBXFileReference; explicitFileType = wrapper.application; includeInIndex = 0; path = Coronope.app; sourceTree = BUILT_PRODUCTS_DIR; };
		A109C170241E134A00CE231B /* AppDelegate.swift */ = {isa = PBXFileReference; lastKnownFileType = sourcecode.swift; path = AppDelegate.swift; sourceTree = "<group>"; };
		A109C172241E134A00CE231B /* SceneDelegate.swift */ = {isa = PBXFileReference; lastKnownFileType = sourcecode.swift; path = SceneDelegate.swift; sourceTree = "<group>"; };
		A109C17B241E134A00CE231B /* Assets.xcassets */ = {isa = PBXFileReference; lastKnownFileType = folder.assetcatalog; path = Assets.xcassets; sourceTree = "<group>"; };
		A109C17E241E134A00CE231B /* Base */ = {isa = PBXFileReference; lastKnownFileType = file.storyboard; name = Base; path = Base.lproj/LaunchScreen.storyboard; sourceTree = "<group>"; };
		A109C180241E134A00CE231B /* Info.plist */ = {isa = PBXFileReference; lastKnownFileType = text.plist.xml; path = Info.plist; sourceTree = "<group>"; };
		A109C18B241E13EA00CE231B /* StatsResponseWrapper.swift */ = {isa = PBXFileReference; lastKnownFileType = sourcecode.swift; path = StatsResponseWrapper.swift; sourceTree = "<group>"; };
		A109C1C5241E70D300CE231B /* globalImage.png */ = {isa = PBXFileReference; lastKnownFileType = image.png; path = globalImage.png; sourceTree = "<group>"; };
		A11336D725987F4C00596BAD /* CoronopeError.swift */ = {isa = PBXFileReference; lastKnownFileType = sourcecode.swift; path = CoronopeError.swift; sourceTree = "<group>"; };
		A11412C2241F39C70034E6F8 /* indoimage.png */ = {isa = PBXFileReference; lastKnownFileType = image.png; name = indoimage.png; path = Assets.xcassets/indoimage.png; sourceTree = "<group>"; };
		A11412CA241F4FEB0034E6F8 /* NewsResponseWrapper.swift */ = {isa = PBXFileReference; lastKnownFileType = sourcecode.swift; path = NewsResponseWrapper.swift; sourceTree = "<group>"; };
		A11412D3241F55FB0034E6F8 /* APIInstance.swift */ = {isa = PBXFileReference; lastKnownFileType = sourcecode.swift; path = APIInstance.swift; sourceTree = "<group>"; };
		A11412DD241FA3AC0034E6F8 /* UIImageView+Ext.swift */ = {isa = PBXFileReference; lastKnownFileType = sourcecode.swift; path = "UIImageView+Ext.swift"; sourceTree = "<group>"; };
		A11412E1241FD3AB0034E6F8 /* demo.gif */ = {isa = PBXFileReference; lastKnownFileType = image.gif; path = demo.gif; sourceTree = SOURCE_ROOT; };
		A124E8102598927A0070FBA5 /* NewsEntity.swift */ = {isa = PBXFileReference; lastKnownFileType = sourcecode.swift; path = NewsEntity.swift; sourceTree = "<group>"; };
		A124E8192598936B0070FBA5 /* LocaleInstance.swift */ = {isa = PBXFileReference; lastKnownFileType = sourcecode.swift; path = LocaleInstance.swift; sourceTree = "<group>"; };
		A124E81D259896BD0070FBA5 /* RealmResults+Ext.swift */ = {isa = PBXFileReference; lastKnownFileType = sourcecode.swift; path = "RealmResults+Ext.swift"; sourceTree = "<group>"; };
		A124E8202598987A0070FBA5 /* CoronopeRepository.swift */ = {isa = PBXFileReference; lastKnownFileType = sourcecode.swift; path = CoronopeRepository.swift; sourceTree = "<group>"; };
		A12E345D25989AD900BF462D /* NewsModel.swift */ = {isa = PBXFileReference; lastKnownFileType = sourcecode.swift; path = NewsModel.swift; sourceTree = "<group>"; };
		A12E346025989AE100BF462D /* StatsModel.swift */ = {isa = PBXFileReference; lastKnownFileType = sourcecode.swift; path = StatsModel.swift; sourceTree = "<group>"; };
		A12E34632598A0FC00BF462D /* ObjectMapper.swift */ = {isa = PBXFileReference; lastKnownFileType = sourcecode.swift; path = ObjectMapper.swift; sourceTree = "<group>"; };
		A1CBEB672598BBCC00A747B9 /* StatsViewController.swift */ = {isa = PBXFileReference; lastKnownFileType = sourcecode.swift; path = StatsViewController.swift; sourceTree = "<group>"; };
		A1CBEB682598BBCC00A747B9 /* StatsViewController.xib */ = {isa = PBXFileReference; lastKnownFileType = file.xib; path = StatsViewController.xib; sourceTree = "<group>"; };
		A1CBEB6C2598BBD800A747B9 /* NewsViewController.swift */ = {isa = PBXFileReference; lastKnownFileType = sourcecode.swift; path = NewsViewController.swift; sourceTree = "<group>"; };
		A1CBEB6D2598BBD800A747B9 /* NewsViewController.xib */ = {isa = PBXFileReference; lastKnownFileType = file.xib; path = NewsViewController.xib; sourceTree = "<group>"; };
		AF12FF8715D164AF931E248E /* Pods-Coronope.release.xcconfig */ = {isa = PBXFileReference; includeInIndex = 1; lastKnownFileType = text.xcconfig; name = "Pods-Coronope.release.xcconfig"; path = "Target Support Files/Pods-Coronope/Pods-Coronope.release.xcconfig"; sourceTree = "<group>"; };
		D1533C98C628096C00132097 /* Pods_Coronope.framework */ = {isa = PBXFileReference; explicitFileType = wrapper.framework; includeInIndex = 0; path = Pods_Coronope.framework; sourceTree = BUILT_PRODUCTS_DIR; };
/* End PBXFileReference section */

/* Begin PBXFrameworksBuildPhase section */
		A109C16A241E134A00CE231B /* Frameworks */ = {
			isa = PBXFrameworksBuildPhase;
			buildActionMask = 2147483647;
			files = (
				E4140AA8797AD5F71DF67926 /* Pods_Coronope.framework in Frameworks */,
			);
			runOnlyForDeploymentPostprocessing = 0;
		};
/* End PBXFrameworksBuildPhase section */

/* Begin PBXGroup section */
		4076A982F8AA0158FE58AA4E /* Frameworks */ = {
			isa = PBXGroup;
			children = (
				D1533C98C628096C00132097 /* Pods_Coronope.framework */,
			);
			name = Frameworks;
			sourceTree = "<group>";
		};
		A109C164241E134A00CE231B = {
			isa = PBXGroup;
			children = (
				A109C16F241E134A00CE231B /* Coronope */,
				A109C16E241E134A00CE231B /* Products */,
				B26104716FB2C7D186F6A189 /* Pods */,
				4076A982F8AA0158FE58AA4E /* Frameworks */,
			);
			sourceTree = "<group>";
		};
		A109C16E241E134A00CE231B /* Products */ = {
			isa = PBXGroup;
			children = (
				A109C16D241E134A00CE231B /* Coronope.app */,
			);
			name = Products;
			sourceTree = "<group>";
		};
		A109C16F241E134A00CE231B /* Coronope */ = {
			isa = PBXGroup;
			children = (
				A1C74B012598783500640FF8 /* App */,
				A1C74B022598784F00640FF8 /* Core */,
				A18ED20B2598D621002FAABE /* Features */,
				A109C189241E13AA00CE231B /* View */,
				A11412BF241F39480034E6F8 /* Assets */,
				A109C17D241E134A00CE231B /* LaunchScreen.storyboard */,
				A109C180241E134A00CE231B /* Info.plist */,
			);
			path = Coronope;
			sourceTree = "<group>";
		};
		A109C189241E13AA00CE231B /* View */ = {
			isa = PBXGroup;
			children = (
				A1CBEB722598BBE800A747B9 /* Stats */,
				A1CBEB712598BBDD00A747B9 /* News */,
			);
			path = View;
			sourceTree = "<group>";
		};
		A11336E4259885C000596BAD /* Extension */ = {
			isa = PBXGroup;
			children = (
				A11412DD241FA3AC0034E6F8 /* UIImageView+Ext.swift */,
				A124E81D259896BD0070FBA5 /* RealmResults+Ext.swift */,
			);
			path = Extension;
			sourceTree = "<group>";
		};
		A11412BF241F39480034E6F8 /* Assets */ = {
			isa = PBXGroup;
			children = (
				A11412E1241FD3AB0034E6F8 /* demo.gif */,
				A109C17B241E134A00CE231B /* Assets.xcassets */,
				A11412C2241F39C70034E6F8 /* indoimage.png */,
				A109C1C5241E70D300CE231B /* globalImage.png */,
			);
			path = Assets;
			sourceTree = "<group>";
		};
		A11412D7241F92E30034E6F8 /* Cell */ = {
			isa = PBXGroup;
			children = (
			);
			path = Cell;
			sourceTree = "<group>";
		};
		A11412DC241FA3830034E6F8 /* Helper */ = {
			isa = PBXGroup;
			children = (
				A11336D725987F4C00596BAD /* CoronopeError.swift */,
				A12E34632598A0FC00BF462D /* ObjectMapper.swift */,
			);
			path = Helper;
			sourceTree = "<group>";
		};
		A124E80D259892600070FBA5 /* Entity */ = {
			isa = PBXGroup;
			children = (
				A124E8102598927A0070FBA5 /* NewsEntity.swift */,
			);
			path = Entity;
			sourceTree = "<group>";
		};
		A124E827259898C70070FBA5 /* API */ = {
			isa = PBXGroup;
			children = (
				A124E828259898CE0070FBA5 /* Response */,
				A11412D3241F55FB0034E6F8 /* APIInstance.swift */,
			);
			path = API;
			sourceTree = "<group>";
		};
		A124E828259898CE0070FBA5 /* Response */ = {
			isa = PBXGroup;
			children = (
				A109C18B241E13EA00CE231B /* StatsResponseWrapper.swift */,
				A11412CA241F4FEB0034E6F8 /* NewsResponseWrapper.swift */,
			);
			path = Response;
			sourceTree = "<group>";
		};
		A12E345C25989AD000BF462D /* Model */ = {
			isa = PBXGroup;
			children = (
				A12E345D25989AD900BF462D /* NewsModel.swift */,
				A12E346025989AE100BF462D /* StatsModel.swift */,
			);
			path = Model;
			sourceTree = "<group>";
		};
		A18ED20B2598D621002FAABE /* Features */ = {
			isa = PBXGroup;
			children = (
			);
			path = Features;
			sourceTree = "<group>";
		};
		A1C74B012598783500640FF8 /* App */ = {
			isa = PBXGroup;
			children = (
				A109C170241E134A00CE231B /* AppDelegate.swift */,
				A109C172241E134A00CE231B /* SceneDelegate.swift */,
			);
			path = App;
			sourceTree = "<group>";
		};
		A1C74B022598784F00640FF8 /* Core */ = {
			isa = PBXGroup;
			children = (
				A1C74B04259878E500640FF8 /* Domain */,
				A1C74B032598785F00640FF8 /* Data */,
				A11336E4259885C000596BAD /* Extension */,
				A11412DC241FA3830034E6F8 /* Helper */,
			);
			path = Core;
			sourceTree = "<group>";
		};
		A1C74B032598785F00640FF8 /* Data */ = {
			isa = PBXGroup;
			children = (
				A124E827259898C70070FBA5 /* API */,
				A1C74B062598790B00640FF8 /* Local */,
				A124E8202598987A0070FBA5 /* CoronopeRepository.swift */,
			);
			path = Data;
			sourceTree = "<group>";
		};
		A1C74B04259878E500640FF8 /* Domain */ = {
			isa = PBXGroup;
			children = (
				A12E345C25989AD000BF462D /* Model */,
				A1C74B05259878EE00640FF8 /* Interactor */,
			);
			path = Domain;
			sourceTree = "<group>";
		};
		A1C74B05259878EE00640FF8 /* Interactor */ = {
			isa = PBXGroup;
			children = (
			);
			path = Interactor;
			sourceTree = "<group>";
		};
		A1C74B062598790B00640FF8 /* Local */ = {
			isa = PBXGroup;
			children = (
				A124E80D259892600070FBA5 /* Entity */,
				A124E8192598936B0070FBA5 /* LocaleInstance.swift */,
			);
			path = Local;
			sourceTree = "<group>";
		};
		A1CBEB712598BBDD00A747B9 /* News */ = {
			isa = PBXGroup;
			children = (
				A11412D7241F92E30034E6F8 /* Cell */,
				A1CBEB6C2598BBD800A747B9 /* NewsViewController.swift */,
				A1CBEB6D2598BBD800A747B9 /* NewsViewController.xib */,
			);
			path = News;
			sourceTree = "<group>";
		};
		A1CBEB722598BBE800A747B9 /* Stats */ = {
			isa = PBXGroup;
			children = (
				A1CBEB672598BBCC00A747B9 /* StatsViewController.swift */,
				A1CBEB682598BBCC00A747B9 /* StatsViewController.xib */,
			);
			path = Stats;
			sourceTree = "<group>";
		};
		B26104716FB2C7D186F6A189 /* Pods */ = {
			isa = PBXGroup;
			children = (
				4B525AE26EC3571FA2B62761 /* Pods-Coronope.debug.xcconfig */,
				AF12FF8715D164AF931E248E /* Pods-Coronope.release.xcconfig */,
			);
			path = Pods;
			sourceTree = "<group>";
		};
/* End PBXGroup section */

/* Begin PBXNativeTarget section */
		A109C16C241E134A00CE231B /* Coronope */ = {
			isa = PBXNativeTarget;
			buildConfigurationList = A109C183241E134A00CE231B /* Build configuration list for PBXNativeTarget "Coronope" */;
			buildPhases = (
				DFF0A1B255739C7DDE1771CA /* [CP] Check Pods Manifest.lock */,
				A109C169241E134A00CE231B /* Sources */,
				A109C16A241E134A00CE231B /* Frameworks */,
				A109C16B241E134A00CE231B /* Resources */,
				549B35B0BBB25CD71F717503 /* [CP] Embed Pods Frameworks */,
			);
			buildRules = (
			);
			dependencies = (
			);
			name = Coronope;
			productName = Coronope;
			productReference = A109C16D241E134A00CE231B /* Coronope.app */;
			productType = "com.apple.product-type.application";
		};
/* End PBXNativeTarget section */

/* Begin PBXProject section */
		A109C165241E134A00CE231B /* Project object */ = {
			isa = PBXProject;
			attributes = {
				LastSwiftUpdateCheck = 1130;
				LastUpgradeCheck = 1210;
				ORGANIZATIONNAME = com.aryasurya;
				TargetAttributes = {
					A109C16C241E134A00CE231B = {
						CreatedOnToolsVersion = 11.3;
					};
				};
			};
			buildConfigurationList = A109C168241E134A00CE231B /* Build configuration list for PBXProject "Coronope" */;
			compatibilityVersion = "Xcode 9.3";
			developmentRegion = en;
			hasScannedForEncodings = 0;
			knownRegions = (
				en,
				Base,
			);
			mainGroup = A109C164241E134A00CE231B;
			productRefGroup = A109C16E241E134A00CE231B /* Products */;
			projectDirPath = "";
			projectRoot = "";
			targets = (
				A109C16C241E134A00CE231B /* Coronope */,
			);
		};
/* End PBXProject section */

/* Begin PBXResourcesBuildPhase section */
		A109C16B241E134A00CE231B /* Resources */ = {
			isa = PBXResourcesBuildPhase;
			buildActionMask = 2147483647;
			files = (
				A109C1C6241E70D300CE231B /* globalImage.png in Resources */,
				A1CBEB6A2598BBCC00A747B9 /* StatsViewController.xib in Resources */,
				A109C17F241E134A00CE231B /* LaunchScreen.storyboard in Resources */,
				A1CBEB6F2598BBD800A747B9 /* NewsViewController.xib in Resources */,
				A109C17C241E134A00CE231B /* Assets.xcassets in Resources */,
				A11412E2241FD3AB0034E6F8 /* demo.gif in Resources */,
				A11412C3241F39C70034E6F8 /* indoimage.png in Resources */,
			);
			runOnlyForDeploymentPostprocessing = 0;
		};
/* End PBXResourcesBuildPhase section */

/* Begin PBXShellScriptBuildPhase section */
		549B35B0BBB25CD71F717503 /* [CP] Embed Pods Frameworks */ = {
			isa = PBXShellScriptBuildPhase;
			buildActionMask = 2147483647;
			files = (
			);
			inputFileListPaths = (
				"${PODS_ROOT}/Target Support Files/Pods-Coronope/Pods-Coronope-frameworks-${CONFIGURATION}-input-files.xcfilelist",
			);
			name = "[CP] Embed Pods Frameworks";
			outputFileListPaths = (
				"${PODS_ROOT}/Target Support Files/Pods-Coronope/Pods-Coronope-frameworks-${CONFIGURATION}-output-files.xcfilelist",
			);
			runOnlyForDeploymentPostprocessing = 0;
			shellPath = /bin/sh;
			shellScript = "\"${PODS_ROOT}/Target Support Files/Pods-Coronope/Pods-Coronope-frameworks.sh\"\n";
			showEnvVarsInLog = 0;
		};
		DFF0A1B255739C7DDE1771CA /* [CP] Check Pods Manifest.lock */ = {
			isa = PBXShellScriptBuildPhase;
			buildActionMask = 2147483647;
			files = (
			);
			inputFileListPaths = (
			);
			inputPaths = (
				"${PODS_PODFILE_DIR_PATH}/Podfile.lock",
				"${PODS_ROOT}/Manifest.lock",
			);
			name = "[CP] Check Pods Manifest.lock";
			outputFileListPaths = (
			);
			outputPaths = (
				"$(DERIVED_FILE_DIR)/Pods-Coronope-checkManifestLockResult.txt",
			);
			runOnlyForDeploymentPostprocessing = 0;
			shellPath = /bin/sh;
			shellScript = "diff \"${PODS_PODFILE_DIR_PATH}/Podfile.lock\" \"${PODS_ROOT}/Manifest.lock\" > /dev/null\nif [ $? != 0 ] ; then\n    # print error to STDERR\n    echo \"error: The sandbox is not in sync with the Podfile.lock. Run 'pod install' or update your CocoaPods installation.\" >&2\n    exit 1\nfi\n# This output is used by Xcode 'outputs' to avoid re-running this script phase.\necho \"SUCCESS\" > \"${SCRIPT_OUTPUT_FILE_0}\"\n";
			showEnvVarsInLog = 0;
		};
/* End PBXShellScriptBuildPhase section */

/* Begin PBXSourcesBuildPhase section */
		A109C169241E134A00CE231B /* Sources */ = {
			isa = PBXSourcesBuildPhase;
			buildActionMask = 2147483647;
			files = (
				A11412CB241F4FEB0034E6F8 /* NewsResponseWrapper.swift in Sources */,
				A124E81A2598936B0070FBA5 /* LocaleInstance.swift in Sources */,
				A1CBEB6E2598BBD800A747B9 /* NewsViewController.swift in Sources */,
				A11412D4241F55FB0034E6F8 /* APIInstance.swift in Sources */,
				A124E8112598927A0070FBA5 /* NewsEntity.swift in Sources */,
				A1CBEB692598BBCC00A747B9 /* StatsViewController.swift in Sources */,
				A12E34642598A0FC00BF462D /* ObjectMapper.swift in Sources */,
				A109C171241E134A00CE231B /* AppDelegate.swift in Sources */,
				A124E81E259896BD0070FBA5 /* RealmResults+Ext.swift in Sources */,
				A109C173241E134A00CE231B /* SceneDelegate.swift in Sources */,
				A12E345E25989AD900BF462D /* NewsModel.swift in Sources */,
				A124E8212598987A0070FBA5 /* CoronopeRepository.swift in Sources */,
				A11412DE241FA3AC0034E6F8 /* UIImageView+Ext.swift in Sources */,
				A11336D825987F4C00596BAD /* CoronopeError.swift in Sources */,
				A109C18C241E13EA00CE231B /* StatsResponseWrapper.swift in Sources */,
				A12E346125989AE100BF462D /* StatsModel.swift in Sources */,
			);
			runOnlyForDeploymentPostprocessing = 0;
		};
/* End PBXSourcesBuildPhase section */

/* Begin PBXVariantGroup section */
		A109C17D241E134A00CE231B /* LaunchScreen.storyboard */ = {
			isa = PBXVariantGroup;
			children = (
				A109C17E241E134A00CE231B /* Base */,
			);
			name = LaunchScreen.storyboard;
			sourceTree = "<group>";
		};
/* End PBXVariantGroup section */

/* Begin XCBuildConfiguration section */
		A109C181241E134A00CE231B /* Debug */ = {
			isa = XCBuildConfiguration;
			buildSettings = {
				ALWAYS_SEARCH_USER_PATHS = NO;
				CLANG_ANALYZER_NONNULL = YES;
				CLANG_ANALYZER_NUMBER_OBJECT_CONVERSION = YES_AGGRESSIVE;
				CLANG_CXX_LANGUAGE_STANDARD = "gnu++14";
				CLANG_CXX_LIBRARY = "libc++";
				CLANG_ENABLE_MODULES = YES;
				CLANG_ENABLE_OBJC_ARC = YES;
				CLANG_ENABLE_OBJC_WEAK = YES;
				CLANG_WARN_BLOCK_CAPTURE_AUTORELEASING = YES;
				CLANG_WARN_BOOL_CONVERSION = YES;
				CLANG_WARN_COMMA = YES;
				CLANG_WARN_CONSTANT_CONVERSION = YES;
				CLANG_WARN_DEPRECATED_OBJC_IMPLEMENTATIONS = YES;
				CLANG_WARN_DIRECT_OBJC_ISA_USAGE = YES_ERROR;
				CLANG_WARN_DOCUMENTATION_COMMENTS = YES;
				CLANG_WARN_EMPTY_BODY = YES;
				CLANG_WARN_ENUM_CONVERSION = YES;
				CLANG_WARN_INFINITE_RECURSION = YES;
				CLANG_WARN_INT_CONVERSION = YES;
				CLANG_WARN_NON_LITERAL_NULL_CONVERSION = YES;
				CLANG_WARN_OBJC_IMPLICIT_RETAIN_SELF = YES;
				CLANG_WARN_OBJC_LITERAL_CONVERSION = YES;
				CLANG_WARN_OBJC_ROOT_CLASS = YES_ERROR;
				CLANG_WARN_QUOTED_INCLUDE_IN_FRAMEWORK_HEADER = YES;
				CLANG_WARN_RANGE_LOOP_ANALYSIS = YES;
				CLANG_WARN_STRICT_PROTOTYPES = YES;
				CLANG_WARN_SUSPICIOUS_MOVE = YES;
				CLANG_WARN_UNGUARDED_AVAILABILITY = YES_AGGRESSIVE;
				CLANG_WARN_UNREACHABLE_CODE = YES;
				CLANG_WARN__DUPLICATE_METHOD_MATCH = YES;
				COPY_PHASE_STRIP = NO;
				DEBUG_INFORMATION_FORMAT = dwarf;
				ENABLE_STRICT_OBJC_MSGSEND = YES;
				ENABLE_TESTABILITY = YES;
				GCC_C_LANGUAGE_STANDARD = gnu11;
				GCC_DYNAMIC_NO_PIC = NO;
				GCC_NO_COMMON_BLOCKS = YES;
				GCC_OPTIMIZATION_LEVEL = 0;
				GCC_PREPROCESSOR_DEFINITIONS = (
					"DEBUG=1",
					"$(inherited)",
				);
				GCC_WARN_64_TO_32_BIT_CONVERSION = YES;
				GCC_WARN_ABOUT_RETURN_TYPE = YES_ERROR;
				GCC_WARN_UNDECLARED_SELECTOR = YES;
				GCC_WARN_UNINITIALIZED_AUTOS = YES_AGGRESSIVE;
				GCC_WARN_UNUSED_FUNCTION = YES;
				GCC_WARN_UNUSED_VARIABLE = YES;
				IPHONEOS_DEPLOYMENT_TARGET = 14.0;
				MTL_ENABLE_DEBUG_INFO = INCLUDE_SOURCE;
				MTL_FAST_MATH = YES;
				ONLY_ACTIVE_ARCH = YES;
				SDKROOT = iphoneos;
				SWIFT_ACTIVE_COMPILATION_CONDITIONS = DEBUG;
				SWIFT_OPTIMIZATION_LEVEL = "-Onone";
			};
			name = Debug;
		};
		A109C182241E134A00CE231B /* Release */ = {
			isa = XCBuildConfiguration;
			buildSettings = {
				ALWAYS_SEARCH_USER_PATHS = NO;
				CLANG_ANALYZER_NONNULL = YES;
				CLANG_ANALYZER_NUMBER_OBJECT_CONVERSION = YES_AGGRESSIVE;
				CLANG_CXX_LANGUAGE_STANDARD = "gnu++14";
				CLANG_CXX_LIBRARY = "libc++";
				CLANG_ENABLE_MODULES = YES;
				CLANG_ENABLE_OBJC_ARC = YES;
				CLANG_ENABLE_OBJC_WEAK = YES;
				CLANG_WARN_BLOCK_CAPTURE_AUTORELEASING = YES;
				CLANG_WARN_BOOL_CONVERSION = YES;
				CLANG_WARN_COMMA = YES;
				CLANG_WARN_CONSTANT_CONVERSION = YES;
				CLANG_WARN_DEPRECATED_OBJC_IMPLEMENTATIONS = YES;
				CLANG_WARN_DIRECT_OBJC_ISA_USAGE = YES_ERROR;
				CLANG_WARN_DOCUMENTATION_COMMENTS = YES;
				CLANG_WARN_EMPTY_BODY = YES;
				CLANG_WARN_ENUM_CONVERSION = YES;
				CLANG_WARN_INFINITE_RECURSION = YES;
				CLANG_WARN_INT_CONVERSION = YES;
				CLANG_WARN_NON_LITERAL_NULL_CONVERSION = YES;
				CLANG_WARN_OBJC_IMPLICIT_RETAIN_SELF = YES;
				CLANG_WARN_OBJC_LITERAL_CONVERSION = YES;
				CLANG_WARN_OBJC_ROOT_CLASS = YES_ERROR;
				CLANG_WARN_QUOTED_INCLUDE_IN_FRAMEWORK_HEADER = YES;
				CLANG_WARN_RANGE_LOOP_ANALYSIS = YES;
				CLANG_WARN_STRICT_PROTOTYPES = YES;
				CLANG_WARN_SUSPICIOUS_MOVE = YES;
				CLANG_WARN_UNGUARDED_AVAILABILITY = YES_AGGRESSIVE;
				CLANG_WARN_UNREACHABLE_CODE = YES;
				CLANG_WARN__DUPLICATE_METHOD_MATCH = YES;
				COPY_PHASE_STRIP = NO;
				DEBUG_INFORMATION_FORMAT = "dwarf-with-dsym";
				ENABLE_NS_ASSERTIONS = NO;
				ENABLE_STRICT_OBJC_MSGSEND = YES;
				GCC_C_LANGUAGE_STANDARD = gnu11;
				GCC_NO_COMMON_BLOCKS = YES;
				GCC_WARN_64_TO_32_BIT_CONVERSION = YES;
				GCC_WARN_ABOUT_RETURN_TYPE = YES_ERROR;
				GCC_WARN_UNDECLARED_SELECTOR = YES;
				GCC_WARN_UNINITIALIZED_AUTOS = YES_AGGRESSIVE;
				GCC_WARN_UNUSED_FUNCTION = YES;
				GCC_WARN_UNUSED_VARIABLE = YES;
				IPHONEOS_DEPLOYMENT_TARGET = 14.0;
				MTL_ENABLE_DEBUG_INFO = NO;
				MTL_FAST_MATH = YES;
				SDKROOT = iphoneos;
				SWIFT_COMPILATION_MODE = wholemodule;
				SWIFT_OPTIMIZATION_LEVEL = "-O";
				VALIDATE_PRODUCT = YES;
			};
			name = Release;
		};
		A109C184241E134A00CE231B /* Debug */ = {
			isa = XCBuildConfiguration;
			baseConfigurationReference = 4B525AE26EC3571FA2B62761 /* Pods-Coronope.debug.xcconfig */;
			buildSettings = {
				ASSETCATALOG_COMPILER_APPICON_NAME = AppIcon;
				CODE_SIGN_STYLE = Automatic;
				DEVELOPMENT_TEAM = 5RREGEMU45;
				INFOPLIST_FILE = Coronope/Info.plist;
				LD_RUNPATH_SEARCH_PATHS = (
					"$(inherited)",
					"@executable_path/Frameworks",
				);
				PRODUCT_BUNDLE_IDENTIFIER = com.aryasurya.Coronope;
				PRODUCT_NAME = "$(TARGET_NAME)";
				SWIFT_VERSION = 5.0;
				TARGETED_DEVICE_FAMILY = "1,2";
			};
			name = Debug;
		};
		A109C185241E134A00CE231B /* Release */ = {
			isa = XCBuildConfiguration;
			baseConfigurationReference = AF12FF8715D164AF931E248E /* Pods-Coronope.release.xcconfig */;
			buildSettings = {
				ASSETCATALOG_COMPILER_APPICON_NAME = AppIcon;
				CODE_SIGN_STYLE = Automatic;
				DEVELOPMENT_TEAM = 5RREGEMU45;
				INFOPLIST_FILE = Coronope/Info.plist;
				LD_RUNPATH_SEARCH_PATHS = (
					"$(inherited)",
					"@executable_path/Frameworks",
				);
				PRODUCT_BUNDLE_IDENTIFIER = com.aryasurya.Coronope;
				PRODUCT_NAME = "$(TARGET_NAME)";
				SWIFT_VERSION = 5.0;
				TARGETED_DEVICE_FAMILY = "1,2";
			};
			name = Release;
		};
/* End XCBuildConfiguration section */

/* Begin XCConfigurationList section */
		A109C168241E134A00CE231B /* Build configuration list for PBXProject "Coronope" */ = {
			isa = XCConfigurationList;
			buildConfigurations = (
				A109C181241E134A00CE231B /* Debug */,
				A109C182241E134A00CE231B /* Release */,
			);
			defaultConfigurationIsVisible = 0;
			defaultConfigurationName = Release;
		};
		A109C183241E134A00CE231B /* Build configuration list for PBXNativeTarget "Coronope" */ = {
			isa = XCConfigurationList;
			buildConfigurations = (
				A109C184241E134A00CE231B /* Debug */,
				A109C185241E134A00CE231B /* Release */,
			);
			defaultConfigurationIsVisible = 0;
			defaultConfigurationName = Release;
		};
/* End XCConfigurationList section */
	};
	rootObject = A109C165241E134A00CE231B /* Project object */;
}
